
Microsoft Visual Studio Solution File, Format Version 12.00
# Visual Studio Version 16
VisualStudioVersion = 16.0.31112.23
MinimumVisualStudioVersion = 10.0.40219.1
Project("{FAE04EC0-301F-11D3-BF4B-00C04F79EFBC}") = "ProductCatalogNew", "ProductCatalogNew\ProductCatalogNew.csproj", "{10A2BE31-90B0-4F44-BF35-BC4767644765}"
EndProject
Project("{FAE04EC0-301F-11D3-BF4B-00C04F79EFBC}") = "ProductCatalogData", "ProductCatalogData\ProductCatalogData.csproj", "{57CDB48E-DADB-459B-966E-1BE77E04568A}"
EndProject
Global
	GlobalSection(SolutionConfigurationPlatforms) = preSolution
		Debug|Any CPU = Debug|Any CPU
		Release|Any CPU = Release|Any CPU
	EndGlobalSection
	GlobalSection(ProjectConfigurationPlatforms) = postSolution
		{10A2BE31-90B0-4F44-BF35-BC4767644765}.Debug|Any CPU.ActiveCfg = Debug|Any CPU
		{10A2BE31-90B0-4F44-BF35-BC4767644765}.Debug|Any CPU.Build.0 = Debug|Any CPU
		{10A2BE31-90B0-4F44-BF35-BC4767644765}.Release|Any CPU.ActiveCfg = Release|Any CPU
		{10A2BE31-90B0-4F44-BF35-BC4767644765}.Release|Any CPU.Build.0 = Release|Any CPU
		{57CDB48E-DADB-459B-966E-1BE77E04568A}.Debug|Any CPU.ActiveCfg = Debug|Any CPU
		{57CDB48E-DADB-459B-966E-1BE77E04568A}.Debug|Any CPU.Build.0 = Debug|Any CPU
		{57CDB48E-DADB-459B-966E-1BE77E04568A}.Release|Any CPU.ActiveCfg = Release|Any CPU
		{57CDB48E-DADB-459B-966E-1BE77E04568A}.Release|Any CPU.Build.0 = Release|Any CPU
	EndGlobalSection
	GlobalSection(SolutionProperties) = preSolution
		HideSolutionNode = FALSE
	EndGlobalSection
	GlobalSection(ExtensibilityGlobals) = postSolution
		SolutionGuid = {05819EC8-AE95-4BC0-95D4-9825DC891ECA}
	EndGlobalSection
EndGlobal
